
Microsoft Visual Studio Solution File, Format Version 12.00
# Visual Studio Version 17
VisualStudioVersion = 17.10.34928.147
MinimumVisualStudioVersion = 10.0.40219.1
Project("{FAE04EC0-301F-11D3-BF4B-00C04F79EFBC}") = "GUI_UI", "GUI_UI.csproj", "{22FA1A40-5CA4-4707-AC1A-A8E0806EC3E3}"
EndProject
Global
	GlobalSection(SolutionConfigurationPlatforms) = preSolution
		Debug|Any CPU = Debug|Any CPU
		Release|Any CPU = Release|Any CPU
	EndGlobalSection
	GlobalSection(ProjectConfigurationPlatforms) = postSolution
		{22FA1A40-5CA4-4707-AC1A-A8E0806EC3E3}.Debug|Any CPU.ActiveCfg = Debug|Any CPU
		{22FA1A40-5CA4-4707-AC1A-A8E0806EC3E3}.Debug|Any CPU.Build.0 = Debug|Any CPU
		{22FA1A40-5CA4-4707-AC1A-A8E0806EC3E3}.Release|Any CPU.ActiveCfg = Release|Any CPU
		{22FA1A40-5CA4-4707-AC1A-A8E0806EC3E3}.Release|Any CPU.Build.0 = Release|Any CPU
	EndGlobalSection
	GlobalSection(SolutionProperties) = preSolution
		HideSolutionNode = FALSE
	EndGlobalSection
	GlobalSection(ExtensibilityGlobals) = postSolution
		SolutionGuid = {EC35A634-400C-42B2-BE27-F6C7FAFDEB64}
	EndGlobalSection
EndGlobal
